<?xml version="1.0" encoding="utf-8"?>
<Project ToolsVersion="4.0" xmlns="http://schemas.microsoft.com/developer/msbuild/2003">
  <ItemGroup>
    <Filter Include="Source Files">
      <UniqueIdentifier>{6761c6d8-8949-403c-a7c3-95f86fb0b98e}</UniqueIdentifier>
      <Extensions>cpp;c;cxx;rc;def;r;odl;idl;hpj;bat</Extensions>
    </Filter>
    <Filter Include="Header Files">
      <UniqueIdentifier>{91fc95ad-6860-41b9-bf65-f0327d34f42a}</UniqueIdentifier>
      <Extensions>h;hpp;hxx;hm;inl</Extensions>
    </Filter>
    <Filter Include="Resource Files">
      <UniqueIdentifier>{3ac72655-94ff-418b-8a24-0615e3f5ca99}</UniqueIdentifier>
      <Extensions>ico;cur;bmp;dlg;rc2;rct;bin;rgs;gif;jpg;jpeg;jpe</Extensions>
    </Filter>
    <Filter Include="Header Files\Stitch">
      <UniqueIdentifier>{2f7f8bb1-ea13-4e13-b370-52b41014336e}</UniqueIdentifier>
    </Filter>
    <Filter Include="Source Files\Stitch">
      <UniqueIdentifier>{28debb64-bff3-4aed-af59-866eb2dbc8fc}</UniqueIdentifier>
    </Filter>
    <Filter Include="Source Files\VideoStitch">
      <UniqueIdentifier>{cb495b84-a3b6-4510-8b13-5d97b5f65dda}</UniqueIdentifier>
    </Filter>
    <Filter Include="Header Files\VideoStitch">
      <UniqueIdentifier>{0552fc57-0449-41d1-bc9b-7f13779904a0}</UniqueIdentifier>
    </Filter>
  </ItemGroup>
  <ItemGroup>
    <ClCompile Include="Application.cpp">
      <Filter>Source Files</Filter>
    </ClCompile>
    <ClCompile Include="Bpn.cpp">
      <Filter>Source Files</Filter>
    </ClCompile>
    <ClCompile Include="Chap2.cpp">
      <Filter>Source Files</Filter>
    </ClCompile>
    <ClCompile Include="Chap3.cpp">
      <Filter>Source Files</Filter>
    </ClCompile>
    <ClCompile Include="Chap4.cpp">
      <Filter>Source Files</Filter>
    </ClCompile>
    <ClCompile Include="Chap5.cpp">
      <Filter>Source Files</Filter>
    </ClCompile>
    <ClCompile Include="ChildFrm.cpp">
      <Filter>Source Files</Filter>
    </ClCompile>
    <ClCompile Include="CoolDialogBar.cpp">
      <Filter>Source Files</Filter>
    </ClCompile>
    <ClCompile Include="Cubic3D.cpp">
      <Filter>Source Files</Filter>
    </ClCompile>
    <ClCompile Include="Fruc.cpp">
      <Filter>Source Files</Filter>
    </ClCompile>
    <ClCompile Include="Image.cpp">
      <Filter>Source Files</Filter>
    </ClCompile>
    <ClCompile Include="ImageProcessing.cpp">
      <Filter>Source Files</Filter>
    </ClCompile>
    <ClCompile Include="ImageProcessingDoc.cpp">
      <Filter>Source Files</Filter>
    </ClCompile>
    <ClCompile Include="ImageProcessingView.cpp">
      <Filter>Source Files</Filter>
    </ClCompile>
    <ClCompile Include="MainFrm.cpp">
      <Filter>Source Files</Filter>
    </ClCompile>
    <ClCompile Include="MainProcessDlg.cpp">
      <Filter>Source Files</Filter>
    </ClCompile>
    <ClCompile Include="SaveScreenOpt.cpp">
      <Filter>Source Files</Filter>
    </ClCompile>
    <ClCompile Include="SR.cpp">
      <Filter>Source Files</Filter>
    </ClCompile>
    <ClCompile Include="StdAfx.cpp">
      <Filter>Source Files</Filter>
    </ClCompile>
    <ClCompile Include="Stitch.cpp">
      <Filter>Source Files</Filter>
    </ClCompile>
    <ClCompile Include="ThresholdingDlg.cpp">
      <Filter>Source Files</Filter>
    </ClCompile>
    <ClCompile Include="YuvOptionDlg.cpp">
      <Filter>Source Files</Filter>
    </ClCompile>
    <ClCompile Include="MyFRUC.cpp">
      <Filter>Source Files</Filter>
    </ClCompile>
    <ClCompile Include="StitchBasic.cpp">
      <Filter>Source Files\Stitch</Filter>
    </ClCompile>
    <ClCompile Include="Mesh.cpp">
      <Filter>Source Files\Stitch</Filter>
    </ClCompile>
    <ClCompile Include="videoStitch.cpp">
      <Filter>Source Files\Stitch</Filter>
    </ClCompile>
    <ClCompile Include="Kalman.cpp">
      <Filter>Source Files</Filter>
    </ClCompile>
    <ClCompile Include="ImageZoom1View.cpp">
      <Filter>Source Files</Filter>
    </ClCompile>
    <ClCompile Include="Zoom1Dlg.cpp">
      <Filter>Source Files</Filter>
    </ClCompile>
  </ItemGroup>
  <ItemGroup>
    <ResourceCompile Include="ImageProcessing.rc">
      <Filter>Source Files</Filter>
    </ResourceCompile>
  </ItemGroup>
  <ItemGroup>
    <ClInclude Include="Application.h">
      <Filter>Header Files</Filter>
    </ClInclude>
    <ClInclude Include="Bpn.h">
      <Filter>Header Files</Filter>
    </ClInclude>
    <ClInclude Include="Chap2.h">
      <Filter>Header Files</Filter>
    </ClInclude>
    <ClInclude Include="Chap3.h">
      <Filter>Header Files</Filter>
    </ClInclude>
    <ClInclude Include="Chap4.h">
      <Filter>Header Files</Filter>
    </ClInclude>
    <ClInclude Include="Chap5.h">
      <Filter>Header Files</Filter>
    </ClInclude>
    <ClInclude Include="ChildFrm.h">
      <Filter>Header Files</Filter>
    </ClInclude>
    <ClInclude Include="CoolDialogBar.h">
      <Filter>Header Files</Filter>
    </ClInclude>
    <ClInclude Include="Cubic3D.h">
      <Filter>Header Files</Filter>
    </ClInclude>
    <ClInclude Include="Fruc.h">
      <Filter>Header Files</Filter>
    </ClInclude>
    <ClInclude Include="Image.h">
      <Filter>Header Files</Filter>
    </ClInclude>
    <ClInclude Include="ImageProcessing.h">
      <Filter>Header Files</Filter>
    </ClInclude>
    <ClInclude Include="ImageProcessingDoc.h">
      <Filter>Header Files</Filter>
    </ClInclude>
    <ClInclude Include="ImageProcessingView.h">
      <Filter>Header Files</Filter>
    </ClInclude>
    <ClInclude Include="MainFrm.h">
      <Filter>Header Files</Filter>
    </ClInclude>
    <ClInclude Include="MainProcessDlg.h">
      <Filter>Header Files</Filter>
    </ClInclude>
    <ClInclude Include="Resource.h">
      <Filter>Header Files</Filter>
    </ClInclude>
    <ClInclude Include="SaveScreenOpt.h">
      <Filter>Header Files</Filter>
    </ClInclude>
    <ClInclude Include="SR.h">
      <Filter>Header Files</Filter>
    </ClInclude>
    <ClInclude Include="StdAfx.h">
      <Filter>Header Files</Filter>
    </ClInclude>
    <ClInclude Include="Stitch.h">
      <Filter>Header Files</Filter>
    </ClInclude>
    <ClInclude Include="ThresholdingDlg.h">
      <Filter>Header Files</Filter>
    </ClInclude>
    <ClInclude Include="YuvOptionDlg.h">
      <Filter>Header Files</Filter>
    </ClInclude>
    <ClInclude Include="MyFRUC.h">
      <Filter>Header Files</Filter>
    </ClInclude>
    <ClInclude Include="StitchBasic.h">
      <Filter>Header Files\Stitch</Filter>
    </ClInclude>
    <ClInclude Include="Mesh.h">
      <Filter>Header Files\Stitch</Filter>
    </ClInclude>
    <ClInclude Include="videoStitch.h">
      <Filter>Header Files\Stitch</Filter>
    </ClInclude>
    <ClInclude Include="CudaVideoStitching.cuh">
      <Filter>Source Files</Filter>
    </ClInclude>
    <ClInclude Include="Kalman.h">
      <Filter>Header Files</Filter>
    </ClInclude>
    <ClInclude Include="ImageZoom1View.h">
      <Filter>Header Files</Filter>
    </ClInclude>
    <ClInclude Include="Zoom1Dlg.h">
      <Filter>Header Files</Filter>
    </ClInclude>
  </ItemGroup>
  <ItemGroup>
    <CustomBuild Include="res\default1.bin">
      <Filter>Resource Files</Filter>
    </CustomBuild>
    <CustomBuild Include="res\ImageProcessing.ico">
      <Filter>Resource Files</Filter>
    </CustomBuild>
    <CustomBuild Include="res\ImageProcessing.rc2">
      <Filter>Resource Files</Filter>
    </CustomBuild>
    <CustomBuild Include="res\ImageProcessingDoc.ico">
      <Filter>Resource Files</Filter>
    </CustomBuild>
    <CustomBuild Include="res\Toolbar.bmp">
      <Filter>Resource Files</Filter>
    </CustomBuild>
    <CustomBuild Include="ReadMe.txt" />
  </ItemGroup>
  <ItemGroup>
    <CudaCompile Include="CudaVideoStitching.cu">
      <Filter>Header Files</Filter>
    </CudaCompile>
  </ItemGroup>
</Project>